github.com/ggerganov/whisper.cpp/bindings/go v0.0.0-20240821080713-9e3c5345cd46 h1:XqbqsBDPaOKKUSKLf8y0xwTruQc3/aDCKi7A/iSsVZg=
github.com/ggerganov/whisper.cpp/bindings/go v0.0.0-20240821080713-9e3c5345cd46/go.mod h1:QIjZ9OktHFG7p+/m3sMvrAJKKdWrr1fZIK0rM6HZlyo=
github.com/go-audio/audio v1.0.0 h1:zS9vebldgbQqktK4H0lUqWrG8P0NxCJVqcj7ZpNnwd4=
github.com/go-audio/audio v1.0.0/go.mod h1:6uAu0+H2lHkwdGsAY+j2wHPNPpPoeg5AaEFh9FlA+Zs=
github.com/go-audio/riff v1.0.0 h1:d8iCGbDvox9BfLagY94fBynxSPHO80LmZCaOsmKxokA=
github.com/go-audio/riff v1.0.0/go.mod h1:l3cQwc85y79NQFCRB7TiPoNiaijp6q8Z0Uv38rVG498=
github.com/go-audio/wav v1.1.0 h1:jQgLtbqBzY7G+BM8fXF7AHUk1uHUviWS4X39d5rsL2g=
github.com/go-audio/wav v1.1.0/go.mod h1:mpe9qfwbScEbkd8uybLuIpTgHyrISw/OTuvjUW2iGtE=
github.com/gordonklaus/portaudio v0.0.0-20230709114228-aafa478834f5 h1:5AlozfqaVjGYGhms2OsdUyfdJME76E6rx5MdGpjzZpc=
github.com/gordonklaus/portaudio v0.0.0-20230709114228-aafa478834f5/go.mod h1:WY8R6YKlI2ZI3UyzFk7P6yGSuS+hFwNtEzrexRyD7Es=
github.com/robotn/gohook v0.41.0 h1:h1vK3w/UQpq0YkIiGnxm9Awv85W54esL0/NUYGueggo=
github.com/robotn/gohook v0.41.0/go.mod h1:FedpuAkVqzM5t67L5fcf3hSSCUDO9cM5YkWCw1U+nuc=
github.com/vcaesar/keycode v0.10.1 h1:0DesGmMAPWpYTCYddOFiCMKCDKgNnwiQa2QXindVUHw=
github.com/vcaesar/keycode v0.10.1/go.mod h1:JNlY7xbKsh+LAGfY2j4M3znVrGEm5W1R8s/Uv6BJcfQ=
